// !$*UTF8*$!
{
	archiveVersion = 1;
	classes = {
	};
	objectVersion = 50;
	objects = {

/* Begin PBXBuildFile section */
		5AFC7C172653FA0F00BD34F1 /* AppDelegate.swift in Sources */ = {isa = PBXBuildFile; fileRef = 5AFC7C162653FA0F00BD34F1 /* AppDelegate.swift */; };
		5AFC7C192653FA0F00BD34F1 /* SceneDelegate.swift in Sources */ = {isa = PBXBuildFile; fileRef = 5AFC7C182653FA0F00BD34F1 /* SceneDelegate.swift */; };
		5AFC7C1B2653FA0F00BD34F1 /* ViewController.swift in Sources */ = {isa = PBXBuildFile; fileRef = 5AFC7C1A2653FA0F00BD34F1 /* ViewController.swift */; };
		5AFC7C1E2653FA0F00BD34F1 /* Main.storyboard in Resources */ = {isa = PBXBuildFile; fileRef = 5AFC7C1C2653FA0F00BD34F1 /* Main.storyboard */; };
		5AFC7C212653FA0F00BD34F1 /* Final_War.xcdatamodeld in Sources */ = {isa = PBXBuildFile; fileRef = 5AFC7C1F2653FA0F00BD34F1 /* Final_War.xcdatamodeld */; };
		5AFC7C232653FA1000BD34F1 /* Assets.xcassets in Resources */ = {isa = PBXBuildFile; fileRef = 5AFC7C222653FA1000BD34F1 /* Assets.xcassets */; };
		5AFC7C262653FA1000BD34F1 /* LaunchScreen.storyboard in Resources */ = {isa = PBXBuildFile; fileRef = 5AFC7C242653FA1000BD34F1 /* LaunchScreen.storyboard */; };
/* End PBXBuildFile section */

/* Begin PBXFileReference section */
		5AFC7C132653FA0F00BD34F1 /* Final War.app */ = {isa = PBXFileReference; explicitFileType = wrapper.application; includeInIndex = 0; path = "Final War.app"; sourceTree = BUILT_PRODUCTS_DIR; };
		5AFC7C162653FA0F00BD34F1 /* AppDelegate.swift */ = {isa = PBXFileReference; lastKnownFileType = sourcecode.swift; path = AppDelegate.swift; sourceTree = "<group>"; };
		5AFC7C182653FA0F00BD34F1 /* SceneDelegate.swift */ = {isa = PBXFileReference; lastKnownFileType = sourcecode.swift; path = SceneDelegate.swift; sourceTree = "<group>"; };
		5AFC7C1A2653FA0F00BD34F1 /* ViewController.swift */ = {isa = PBXFileReference; lastKnownFileType = sourcecode.swift; path = ViewController.swift; sourceTree = "<group>"; };
		5AFC7C1D2653FA0F00BD34F1 /* Base */ = {isa = PBXFileReference; lastKnownFileType = file.storyboard; name = Base; path = Base.lproj/Main.storyboard; sourceTree = "<group>"; };
		5AFC7C202653FA0F00BD34F1 /* Final_War.xcdatamodel */ = {isa = PBXFileReference; lastKnownFileType = wrapper.xcdatamodel; path = Final_War.xcdatamodel; sourceTree = "<group>"; };
		5AFC7C222653FA1000BD34F1 /* Assets.xcassets */ = {isa = PBXFileReference; lastKnownFileType = folder.assetcatalog; path = Assets.xcassets; sourceTree = "<group>"; };
		5AFC7C252653FA1000BD34F1 /* Base */ = {isa = PBXFileReference; lastKnownFileType = file.storyboard; name = Base; path = Base.lproj/LaunchScreen.storyboard; sourceTree = "<group>"; };
		5AFC7C272653FA1000BD34F1 /* Info.plist */ = {isa = PBXFileReference; lastKnownFileType = text.plist.xml; path = Info.plist; sourceTree = "<group>"; };
/* End PBXFileReference section */

/* Begin PBXFrameworksBuildPhase section */
		5AFC7C102653FA0F00BD34F1 /* Frameworks */ = {
			isa = PBXFrameworksBuildPhase;
			buildActionMask = 2147483647;
			files = (
			);
			runOnlyForDeploymentPostprocessing = 0;
		};
/* End PBXFrameworksBuildPhase section */

/* Begin PBXGroup section */
		5AFC7C0A2653FA0F00BD34F1 = {
			isa = PBXGroup;
			children = (
				5AFC7C152653FA0F00BD34F1 /* Final War */,
				5AFC7C142653FA0F00BD34F1 /* Products */,
			);
			sourceTree = "<group>";
		};
		5AFC7C142653FA0F00BD34F1 /* Products */ = {
			isa = PBXGroup;
			children = (
				5AFC7C132653FA0F00BD34F1 /* Final War.app */,
			);
			name = Products;
			sourceTree = "<group>";
		};
		5AFC7C152653FA0F00BD34F1 /* Final War */ = {
			isa = PBXGroup;
			children = (
				5AFC7C162653FA0F00BD34F1 /* AppDelegate.swift */,
				5AFC7C182653FA0F00BD34F1 /* SceneDelegate.swift */,
				5AFC7C1A2653FA0F00BD34F1 /* ViewController.swift */,
				5AFC7C1C2653FA0F00BD34F1 /* Main.storyboard */,
				5AFC7C222653FA1000BD34F1 /* Assets.xcassets */,
				5AFC7C242653FA1000BD34F1 /* LaunchScreen.storyboard */,
				5AFC7C272653FA1000BD34F1 /* Info.plist */,
				5AFC7C1F2653FA0F00BD34F1 /* Final_War.xcdatamodeld */,
			);
			path = "Final War";
			sourceTree = "<group>";
		};
/* End PBXGroup section */

/* Begin PBXNativeTarget section */
		5AFC7C122653FA0F00BD34F1 /* Final War */ = {
			isa = PBXNativeTarget;
			buildConfigurationList = 5AFC7C2A2653FA1000BD34F1 /* Build configuration list for PBXNativeTarget "Final War" */;
			buildPhases = (
				5AFC7C0F2653FA0F00BD34F1 /* Sources */,
				5AFC7C102653FA0F00BD34F1 /* Frameworks */,
				5AFC7C112653FA0F00BD34F1 /* Resources */,
			);
			buildRules = (
			);
			dependencies = (
			);
			name = "Final War";
			productName = "Final War";
			productReference = 5AFC7C132653FA0F00BD34F1 /* Final War.app */;
			productType = "com.apple.product-type.application";
		};
/* End PBXNativeTarget section */

/* Begin PBXProject section */
		5AFC7C0B2653FA0F00BD34F1 /* Project object */ = {
			isa = PBXProject;
			attributes = {
				LastSwiftUpdateCheck = 1250;
				LastUpgradeCheck = 1250;
				TargetAttributes = {
					5AFC7C122653FA0F00BD34F1 = {
						CreatedOnToolsVersion = 12.5;
					};
				};
			};
			buildConfigurationList = 5AFC7C0E2653FA0F00BD34F1 /* Build configuration list for PBXProject "Final War" */;
			compatibilityVersion = "Xcode 9.3";
			developmentRegion = en;
			hasScannedForEncodings = 0;
			knownRegions = (
				en,
				Base,
			);
			mainGroup = 5AFC7C0A2653FA0F00BD34F1;
			productRefGroup = 5AFC7C142653FA0F00BD34F1 /* Products */;
			projectDirPath = "";
			projectRoot = "";
			targets = (
				5AFC7C122653FA0F00BD34F1 /* Final War */,
			);
		};
/* End PBXProject section */

/* Begin PBXResourcesBuildPhase section */
		5AFC7C112653FA0F00BD34F1 /* Resources */ = {
			isa = PBXResourcesBuildPhase;
			buildActionMask = 2147483647;
			files = (
				5AFC7C262653FA1000BD34F1 /* LaunchScreen.storyboard in Resources */,
				5AFC7C232653FA1000BD34F1 /* Assets.xcassets in Resources */,
				5AFC7C1E2653FA0F00BD34F1 /* Main.storyboard in Resources */,
			);
			runOnlyForDeploymentPostprocessing = 0;
		};
/* End PBXResourcesBuildPhase section */

/* Begin PBXSourcesBuildPhase section */
		5AFC7C0F2653FA0F00BD34F1 /* Sources */ = {
			isa = PBXSourcesBuildPhase;
			buildActionMask = 2147483647;
			files = (
				5AFC7C1B2653FA0F00BD34F1 /* ViewController.swift in Sources */,
				5AFC7C212653FA0F00BD34F1 /* Final_War.xcdatamodeld in Sources */,
				5AFC7C172653FA0F00BD34F1 /* AppDelegate.swift in Sources */,
				5AFC7C192653FA0F00BD34F1 /* SceneDelegate.swift in Sources */,
			);
			runOnlyForDeploymentPostprocessing = 0;
		};
/* End PBXSourcesBuildPhase section */

/* Begin PBXVariantGroup section */
		5AFC7C1C2653FA0F00BD34F1 /* Main.storyboard */ = {
			isa = PBXVariantGroup;
			children = (
				5AFC7C1D2653FA0F00BD34F1 /* Base */,
			);
			name = Main.storyboard;
			sourceTree = "<group>";
		};
		5AFC7C242653FA1000BD34F1 /* LaunchScreen.storyboard */ = {
			isa = PBXVariantGroup;
			children = (
				5AFC7C252653FA1000BD34F1 /* Base */,
			);
			name = LaunchScreen.storyboard;
			sourceTree = "<group>";
		};
/* End PBXVariantGroup section */

/* Begin XCBuildConfiguration section */
		5AFC7C282653FA1000BD34F1 /* Debug */ = {
			isa = XCBuildConfiguration;
			buildSettings = {
				ALWAYS_SEARCH_USER_PATHS = NO;
				CLANG_ANALYZER_NONNULL = YES;
				CLANG_ANALYZER_NUMBER_OBJECT_CONVERSION = YES_AGGRESSIVE;
				CLANG_CXX_LANGUAGE_STANDARD = "gnu++14";
				CLANG_CXX_LIBRARY = "libc++";
				CLANG_ENABLE_MODULES = YES;
				CLANG_ENABLE_OBJC_ARC = YES;
				CLANG_ENABLE_OBJC_WEAK = YES;
				CLANG_WARN_BLOCK_CAPTURE_AUTORELEASING = YES;
				CLANG_WARN_BOOL_CONVERSION = YES;
				CLANG_WARN_COMMA = YES;
				CLANG_WARN_CONSTANT_CONVERSION = YES;
				CLANG_WARN_DEPRECATED_OBJC_IMPLEMENTATIONS = YES;
				CLANG_WARN_DIRECT_OBJC_ISA_USAGE = YES_ERROR;
				CLANG_WARN_DOCUMENTATION_COMMENTS = YES;
				CLANG_WARN_EMPTY_BODY = YES;
				CLANG_WARN_ENUM_CONVERSION = YES;
				CLANG_WARN_INFINITE_RECURSION = YES;
				CLANG_WARN_INT_CONVERSION = YES;
				CLANG_WARN_NON_LITERAL_NULL_CONVERSION = YES;
				CLANG_WARN_OBJC_IMPLICIT_RETAIN_SELF = YES;
				CLANG_WARN_OBJC_LITERAL_CONVERSION = YES;
				CLANG_WARN_OBJC_ROOT_CLASS = YES_ERROR;
				CLANG_WARN_QUOTED_INCLUDE_IN_FRAMEWORK_HEADER = YES;
				CLANG_WARN_RANGE_LOOP_ANALYSIS = YES;
				CLANG_WARN_STRICT_PROTOTYPES = YES;
				CLANG_WARN_SUSPICIOUS_MOVE = YES;
				CLANG_WARN_UNGUARDED_AVAILABILITY = YES_AGGRESSIVE;
				CLANG_WARN_UNREACHABLE_CODE = YES;
				CLANG_WARN__DUPLICATE_METHOD_MATCH = YES;
				COPY_PHASE_STRIP = NO;
				DEBUG_INFORMATION_FORMAT = dwarf;
				ENABLE_STRICT_OBJC_MSGSEND = YES;
				ENABLE_TESTABILITY = YES;
				GCC_C_LANGUAGE_STANDARD = gnu11;
				GCC_DYNAMIC_NO_PIC = NO;
				GCC_NO_COMMON_BLOCKS = YES;
				GCC_OPTIMIZATION_LEVEL = 0;
				GCC_PREPROCESSOR_DEFINITIONS = (
					"DEBUG=1",
					"$(inherited)",
				);
				GCC_WARN_64_TO_32_BIT_CONVERSION = YES;
				GCC_WARN_ABOUT_RETURN_TYPE = YES_ERROR;
				GCC_WARN_UNDECLARED_SELECTOR = YES;
				GCC_WARN_UNINITIALIZED_AUTOS = YES_AGGRESSIVE;
				GCC_WARN_UNUSED_FUNCTION = YES;
				GCC_WARN_UNUSED_VARIABLE = YES;
				IPHONEOS_DEPLOYMENT_TARGET = 14.5;
				MTL_ENABLE_DEBUG_INFO = INCLUDE_SOURCE;
				MTL_FAST_MATH = YES;
				ONLY_ACTIVE_ARCH = YES;
				SDKROOT = iphoneos;
				SWIFT_ACTIVE_COMPILATION_CONDITIONS = DEBUG;
				SWIFT_OPTIMIZATION_LEVEL = "-Onone";
			};
			name = Debug;
		};
		5AFC7C292653FA1000BD34F1 /* Release */ = {
			isa = XCBuildConfiguration;
			buildSettings = {
				ALWAYS_SEARCH_USER_PATHS = NO;
				CLANG_ANALYZER_NONNULL = YES;
				CLANG_ANALYZER_NUMBER_OBJECT_CONVERSION = YES_AGGRESSIVE;
				CLANG_CXX_LANGUAGE_STANDARD = "gnu++14";
				CLANG_CXX_LIBRARY = "libc++";
				CLANG_ENABLE_MODULES = YES;
				CLANG_ENABLE_OBJC_ARC = YES;
				CLANG_ENABLE_OBJC_WEAK = YES;
				CLANG_WARN_BLOCK_CAPTURE_AUTORELEASING = YES;
				CLANG_WARN_BOOL_CONVERSION = YES;
				CLANG_WARN_COMMA = YES;
				CLANG_WARN_CONSTANT_CONVERSION = YES;
				CLANG_WARN_DEPRECATED_OBJC_IMPLEMENTATIONS = YES;
				CLANG_WARN_DIRECT_OBJC_ISA_USAGE = YES_ERROR;
				CLANG_WARN_DOCUMENTATION_COMMENTS = YES;
				CLANG_WARN_EMPTY_BODY = YES;
				CLANG_WARN_ENUM_CONVERSION = YES;
				CLANG_WARN_INFINITE_RECURSION = YES;
				CLANG_WARN_INT_CONVERSION = YES;
				CLANG_WARN_NON_LITERAL_NULL_CONVERSION = YES;
				CLANG_WARN_OBJC_IMPLICIT_RETAIN_SELF = YES;
				CLANG_WARN_OBJC_LITERAL_CONVERSION = YES;
				CLANG_WARN_OBJC_ROOT_CLASS = YES_ERROR;
				CLANG_WARN_QUOTED_INCLUDE_IN_FRAMEWORK_HEADER = YES;
				CLANG_WARN_RANGE_LOOP_ANALYSIS = YES;
				CLANG_WARN_STRICT_PROTOTYPES = YES;
				CLANG_WARN_SUSPICIOUS_MOVE = YES;
				CLANG_WARN_UNGUARDED_AVAILABILITY = YES_AGGRESSIVE;
				CLANG_WARN_UNREACHABLE_CODE = YES;
				CLANG_WARN__DUPLICATE_METHOD_MATCH = YES;
				COPY_PHASE_STRIP = NO;
				DEBUG_INFORMATION_FORMAT = "dwarf-with-dsym";
				ENABLE_NS_ASSERTIONS = NO;
				ENABLE_STRICT_OBJC_MSGSEND = YES;
				GCC_C_LANGUAGE_STANDARD = gnu11;
				GCC_NO_COMMON_BLOCKS = YES;
				GCC_WARN_64_TO_32_BIT_CONVERSION = YES;
				GCC_WARN_ABOUT_RETURN_TYPE = YES_ERROR;
				GCC_WARN_UNDECLARED_SELECTOR = YES;
				GCC_WARN_UNINITIALIZED_AUTOS = YES_AGGRESSIVE;
				GCC_WARN_UNUSED_FUNCTION = YES;
				GCC_WARN_UNUSED_VARIABLE = YES;
				IPHONEOS_DEPLOYMENT_TARGET = 14.5;
				MTL_ENABLE_DEBUG_INFO = NO;
				MTL_FAST_MATH = YES;
				SDKROOT = iphoneos;
				SWIFT_COMPILATION_MODE = wholemodule;
				SWIFT_OPTIMIZATION_LEVEL = "-O";
				VALIDATE_PRODUCT = YES;
			};
			name = Release;
		};
		5AFC7C2B2653FA1000BD34F1 /* Debug */ = {
			isa = XCBuildConfiguration;
			buildSettings = {
				ASSETCATALOG_COMPILER_APPICON_NAME = AppIcon;
				ASSETCATALOG_COMPILER_GLOBAL_ACCENT_COLOR_NAME = AccentColor;
				CODE_SIGN_STYLE = Automatic;
				DEVELOPMENT_TEAM = CW8RAWG7Z4;
				INFOPLIST_FILE = "Final War/Info.plist";
				LD_RUNPATH_SEARCH_PATHS = (
					"$(inherited)",
					"@executable_path/Frameworks",
				);
				PRODUCT_BUNDLE_IDENTIFIER = "com.deedeenzeutem.Final-War";
				PRODUCT_NAME = "$(TARGET_NAME)";
				SWIFT_VERSION = 5.0;
				TARGETED_DEVICE_FAMILY = "1,2";
			};
			name = Debug;
		};
		5AFC7C2C2653FA1000BD34F1 /* Release */ = {
			isa = XCBuildConfiguration;
			buildSettings = {
				ASSETCATALOG_COMPILER_APPICON_NAME = AppIcon;
				ASSETCATALOG_COMPILER_GLOBAL_ACCENT_COLOR_NAME = AccentColor;
				CODE_SIGN_STYLE = Automatic;
				DEVELOPMENT_TEAM = CW8RAWG7Z4;
				INFOPLIST_FILE = "Final War/Info.plist";
				LD_RUNPATH_SEARCH_PATHS = (
					"$(inherited)",
					"@executable_path/Frameworks",
				);
				PRODUCT_BUNDLE_IDENTIFIER = "com.deedeenzeutem.Final-War";
				PRODUCT_NAME = "$(TARGET_NAME)";
				SWIFT_VERSION = 5.0;
				TARGETED_DEVICE_FAMILY = "1,2";
			};
			name = Release;
		};
/* End XCBuildConfiguration section */

/* Begin XCConfigurationList section */
		5AFC7C0E2653FA0F00BD34F1 /* Build configuration list for PBXProject "Final War" */ = {
			isa = XCConfigurationList;
			buildConfigurations = (
				5AFC7C282653FA1000BD34F1 /* Debug */,
				5AFC7C292653FA1000BD34F1 /* Release */,
			);
			defaultConfigurationIsVisible = 0;
			defaultConfigurationName = Release;
		};
		5AFC7C2A2653FA1000BD34F1 /* Build configuration list for PBXNativeTarget "Final War" */ = {
			isa = XCConfigurationList;
			buildConfigurations = (
				5AFC7C2B2653FA1000BD34F1 /* Debug */,
				5AFC7C2C2653FA1000BD34F1 /* Release */,
			);
			defaultConfigurationIsVisible = 0;
			defaultConfigurationName = Release;
		};
/* End XCConfigurationList section */

/* Begin XCVersionGroup section */
		5AFC7C1F2653FA0F00BD34F1 /* Final_War.xcdatamodeld */ = {
			isa = XCVersionGroup;
			children = (
				5AFC7C202653FA0F00BD34F1 /* Final_War.xcdatamodel */,
			);
			currentVersion = 5AFC7C202653FA0F00BD34F1 /* Final_War.xcdatamodel */;
			path = Final_War.xcdatamodeld;
			sourceTree = "<group>";
			versionGroupType = wrapper.xcdatamodel;
		};
/* End XCVersionGroup section */
	};
	rootObject = 5AFC7C0B2653FA0F00BD34F1 /* Project object */;
}
